
Microsoft Visual Studio Solution File, Format Version 12.00
# Visual Studio Version 17
VisualStudioVersion = 17.14.36221.1 d17.14
MinimumVisualStudioVersion = 10.0.40219.1
Project("{FAE04EC0-301F-11D3-BF4B-00C04F79EFBC}") = "CleanArchitecture.WebApi", "CleanArchitecture.WebApi\CleanArchitecture.WebApi.csproj", "{A7F216B7-1784-445C-ABEF-7B0103B686B2}"
EndProject
Global
	GlobalSection(SolutionConfigurationPlatforms) = preSolution
		Debug|Any CPU = Debug|Any CPU
		Release|Any CPU = Release|Any CPU
	EndGlobalSection
	GlobalSection(ProjectConfigurationPlatforms) = postSolution
		{A7F216B7-1784-445C-ABEF-7B0103B686B2}.Debug|Any CPU.ActiveCfg = Debug|Any CPU
		{A7F216B7-1784-445C-ABEF-7B0103B686B2}.Debug|Any CPU.Build.0 = Debug|Any CPU
		{A7F216B7-1784-445C-ABEF-7B0103B686B2}.Release|Any CPU.ActiveCfg = Release|Any CPU
		{A7F216B7-1784-445C-ABEF-7B0103B686B2}.Release|Any CPU.Build.0 = Release|Any CPU
	EndGlobalSection
	GlobalSection(SolutionProperties) = preSolution
		HideSolutionNode = FALSE
	EndGlobalSection
	GlobalSection(ExtensibilityGlobals) = postSolution
		SolutionGuid = {16F31711-0AF4-4281-82C5-60AE0A7310E6}
	EndGlobalSection
EndGlobal
